// !$*UTF8*$!
{
	archiveVersion = 1;
	classes = {
	};
	objectVersion = 56;
	objects = {

/* Begin PBXBuildFile section */
		BD74869F2C1A088C00343C67 /* TaskManagerApp.swift in Sources */ = {isa = PBXBuildFile; fileRef = BD74869E2C1A088C00343C67 /* TaskManagerApp.swift */; };
		BD7486A12C1A088C00343C67 /* ContentView.swift in Sources */ = {isa = PBXBuildFile; fileRef = BD7486A02C1A088C00343C67 /* ContentView.swift */; };
		BD7486A32C1A088E00343C67 /* Assets.xcassets in Resources */ = {isa = PBXBuildFile; fileRef = BD7486A22C1A088E00343C67 /* Assets.xcassets */; };
		BD7486A62C1A088E00343C67 /* Preview Assets.xcassets in Resources */ = {isa = PBXBuildFile; fileRef = BD7486A52C1A088E00343C67 /* Preview Assets.xcassets */; };
		BD7486B02C1A088F00343C67 /* TaskManagerTests.swift in Sources */ = {isa = PBXBuildFile; fileRef = BD7486AF2C1A088F00343C67 /* TaskManagerTests.swift */; };
		BD7486BA2C1A088F00343C67 /* TaskManagerUITests.swift in Sources */ = {isa = PBXBuildFile; fileRef = BD7486B92C1A088F00343C67 /* TaskManagerUITests.swift */; };
		BD7486BC2C1A088F00343C67 /* TaskManagerUITestsLaunchTests.swift in Sources */ = {isa = PBXBuildFile; fileRef = BD7486BB2C1A088F00343C67 /* TaskManagerUITestsLaunchTests.swift */; };
		BDAC70C52C1B91B300B19CC0 /* HomePage.swift in Sources */ = {isa = PBXBuildFile; fileRef = BDAC70C42C1B91B300B19CC0 /* HomePage.swift */; };
		BDAC70C72C1B91DD00B19CC0 /* AdviceandTipsView.swift in Sources */ = {isa = PBXBuildFile; fileRef = BDAC70C62C1B91DD00B19CC0 /* AdviceandTipsView.swift */; };
		BDAC70C92C1B91F400B19CC0 /* StressManagementView.swift in Sources */ = {isa = PBXBuildFile; fileRef = BDAC70C82C1B91F400B19CC0 /* StressManagementView.swift */; };
		BDAC70CB2C1B920A00B19CC0 /* BreathingExercises.swift in Sources */ = {isa = PBXBuildFile; fileRef = BDAC70CA2C1B920A00B19CC0 /* BreathingExercises.swift */; };
		BDAC70CD2C1B921E00B19CC0 /* ProductivityView.swift in Sources */ = {isa = PBXBuildFile; fileRef = BDAC70CC2C1B921E00B19CC0 /* ProductivityView.swift */; };
		BDAC70CF2C1B922C00B19CC0 /* FinanceTracker.swift in Sources */ = {isa = PBXBuildFile; fileRef = BDAC70CE2C1B922C00B19CC0 /* FinanceTracker.swift */; };
		BDAC70D12C1B924600B19CC0 /* JournalView.swift in Sources */ = {isa = PBXBuildFile; fileRef = BDAC70D02C1B924600B19CC0 /* JournalView.swift */; };
		BDAC70D32C1B92E400B19CC0 /* Shrikhand-Regular.ttf in Resources */ = {isa = PBXBuildFile; fileRef = BDAC70D22C1B92E400B19CC0 /* Shrikhand-Regular.ttf */; };
		BDF4EC562C1A33CA00AE8400 /* NewToDoView.swift in Sources */ = {isa = PBXBuildFile; fileRef = BDF4EC552C1A33CA00AE8400 /* NewToDoView.swift */; };
		BDF4EC582C1A35A400AE8400 /* ToDoItem.swift in Sources */ = {isa = PBXBuildFile; fileRef = BDF4EC572C1A35A400AE8400 /* ToDoItem.swift */; };
/* End PBXBuildFile section */

/* Begin PBXContainerItemProxy section */
		BD7486AC2C1A088F00343C67 /* PBXContainerItemProxy */ = {
			isa = PBXContainerItemProxy;
			containerPortal = BD7486932C1A088C00343C67 /* Project object */;
			proxyType = 1;
			remoteGlobalIDString = BD74869A2C1A088C00343C67;
			remoteInfo = TaskManager;
		};
		BD7486B62C1A088F00343C67 /* PBXContainerItemProxy */ = {
			isa = PBXContainerItemProxy;
			containerPortal = BD7486932C1A088C00343C67 /* Project object */;
			proxyType = 1;
			remoteGlobalIDString = BD74869A2C1A088C00343C67;
			remoteInfo = TaskManager;
		};
/* End PBXContainerItemProxy section */

/* Begin PBXFileReference section */
		BD74869B2C1A088C00343C67 /* TaskManager.app */ = {isa = PBXFileReference; explicitFileType = wrapper.application; includeInIndex = 0; path = TaskManager.app; sourceTree = BUILT_PRODUCTS_DIR; };
		BD74869E2C1A088C00343C67 /* TaskManagerApp.swift */ = {isa = PBXFileReference; lastKnownFileType = sourcecode.swift; path = TaskManagerApp.swift; sourceTree = "<group>"; };
		BD7486A02C1A088C00343C67 /* ContentView.swift */ = {isa = PBXFileReference; lastKnownFileType = sourcecode.swift; path = ContentView.swift; sourceTree = "<group>"; };
		BD7486A22C1A088E00343C67 /* Assets.xcassets */ = {isa = PBXFileReference; lastKnownFileType = folder.assetcatalog; path = Assets.xcassets; sourceTree = "<group>"; };
		BD7486A52C1A088E00343C67 /* Preview Assets.xcassets */ = {isa = PBXFileReference; lastKnownFileType = folder.assetcatalog; path = "Preview Assets.xcassets"; sourceTree = "<group>"; };
		BD7486AB2C1A088F00343C67 /* TaskManagerTests.xctest */ = {isa = PBXFileReference; explicitFileType = wrapper.cfbundle; includeInIndex = 0; path = TaskManagerTests.xctest; sourceTree = BUILT_PRODUCTS_DIR; };
		BD7486AF2C1A088F00343C67 /* TaskManagerTests.swift */ = {isa = PBXFileReference; lastKnownFileType = sourcecode.swift; path = TaskManagerTests.swift; sourceTree = "<group>"; };
		BD7486B52C1A088F00343C67 /* TaskManagerUITests.xctest */ = {isa = PBXFileReference; explicitFileType = wrapper.cfbundle; includeInIndex = 0; path = TaskManagerUITests.xctest; sourceTree = BUILT_PRODUCTS_DIR; };
		BD7486B92C1A088F00343C67 /* TaskManagerUITests.swift */ = {isa = PBXFileReference; lastKnownFileType = sourcecode.swift; path = TaskManagerUITests.swift; sourceTree = "<group>"; };
		BD7486BB2C1A088F00343C67 /* TaskManagerUITestsLaunchTests.swift */ = {isa = PBXFileReference; lastKnownFileType = sourcecode.swift; path = TaskManagerUITestsLaunchTests.swift; sourceTree = "<group>"; };
		BDAC70C42C1B91B300B19CC0 /* HomePage.swift */ = {isa = PBXFileReference; lastKnownFileType = sourcecode.swift; path = HomePage.swift; sourceTree = "<group>"; };
		BDAC70C62C1B91DD00B19CC0 /* AdviceandTipsView.swift */ = {isa = PBXFileReference; lastKnownFileType = sourcecode.swift; path = AdviceandTipsView.swift; sourceTree = "<group>"; };
		BDAC70C82C1B91F400B19CC0 /* StressManagementView.swift */ = {isa = PBXFileReference; lastKnownFileType = sourcecode.swift; path = StressManagementView.swift; sourceTree = "<group>"; };
		BDAC70CA2C1B920A00B19CC0 /* BreathingExercises.swift */ = {isa = PBXFileReference; lastKnownFileType = sourcecode.swift; path = BreathingExercises.swift; sourceTree = "<group>"; };
		BDAC70CC2C1B921E00B19CC0 /* ProductivityView.swift */ = {isa = PBXFileReference; lastKnownFileType = sourcecode.swift; path = ProductivityView.swift; sourceTree = "<group>"; };
		BDAC70CE2C1B922C00B19CC0 /* FinanceTracker.swift */ = {isa = PBXFileReference; lastKnownFileType = sourcecode.swift; path = FinanceTracker.swift; sourceTree = "<group>"; };
		BDAC70D02C1B924600B19CC0 /* JournalView.swift */ = {isa = PBXFileReference; lastKnownFileType = sourcecode.swift; path = JournalView.swift; sourceTree = "<group>"; };
		BDAC70D22C1B92E400B19CC0 /* Shrikhand-Regular.ttf */ = {isa = PBXFileReference; lastKnownFileType = file; name = "Shrikhand-Regular.ttf"; path = "../../../Downloads/Shrikhand-Regular.ttf"; sourceTree = "<group>"; };
		BDAC70D42C1B930700B19CC0 /* Info.plist */ = {isa = PBXFileReference; lastKnownFileType = text.plist; path = Info.plist; sourceTree = "<group>"; };
		BDAC70D52C1B945C00B19CC0 /* Shrikhand-Regular.ttf */ = {isa = PBXFileReference; lastKnownFileType = file; path = "Shrikhand-Regular.ttf"; sourceTree = "<group>"; };
		BDAC70D62C1B947900B19CC0 /* Shrikhand-Regular.ttf */ = {isa = PBXFileReference; lastKnownFileType = file; path = "Shrikhand-Regular.ttf"; sourceTree = "<group>"; };
		BDAC70D72C1B94C100B19CC0 /* Shrikhand-Regular.ttf */ = {isa = PBXFileReference; lastKnownFileType = file; name = "Shrikhand-Regular.ttf"; path = "../../../../Downloads/Shrikhand-Regular.ttf"; sourceTree = "<group>"; };
		BDF4EC552C1A33CA00AE8400 /* NewToDoView.swift */ = {isa = PBXFileReference; lastKnownFileType = sourcecode.swift; path = NewToDoView.swift; sourceTree = "<group>"; };
		BDF4EC572C1A35A400AE8400 /* ToDoItem.swift */ = {isa = PBXFileReference; lastKnownFileType = sourcecode.swift; path = ToDoItem.swift; sourceTree = "<group>"; };
/* End PBXFileReference section */

/* Begin PBXFrameworksBuildPhase section */
		BD7486982C1A088C00343C67 /* Frameworks */ = {
			isa = PBXFrameworksBuildPhase;
			buildActionMask = 2147483647;
			files = (
			);
			runOnlyForDeploymentPostprocessing = 0;
		};
		BD7486A82C1A088F00343C67 /* Frameworks */ = {
			isa = PBXFrameworksBuildPhase;
			buildActionMask = 2147483647;
			files = (
			);
			runOnlyForDeploymentPostprocessing = 0;
		};
		BD7486B22C1A088F00343C67 /* Frameworks */ = {
			isa = PBXFrameworksBuildPhase;
			buildActionMask = 2147483647;
			files = (
			);
			runOnlyForDeploymentPostprocessing = 0;
		};
/* End PBXFrameworksBuildPhase section */

/* Begin PBXGroup section */
		BD7486922C1A088C00343C67 = {
			isa = PBXGroup;
			children = (
				BDAC70D52C1B945C00B19CC0 /* Shrikhand-Regular.ttf */,
				BD74869D2C1A088C00343C67 /* TaskManager */,
				BD7486AE2C1A088F00343C67 /* TaskManagerTests */,
				BD7486B82C1A088F00343C67 /* TaskManagerUITests */,
				BD74869C2C1A088C00343C67 /* Products */,
			);
			sourceTree = "<group>";
		};
		BD74869C2C1A088C00343C67 /* Products */ = {
			isa = PBXGroup;
			children = (
				BD74869B2C1A088C00343C67 /* TaskManager.app */,
				BD7486AB2C1A088F00343C67 /* TaskManagerTests.xctest */,
				BD7486B52C1A088F00343C67 /* TaskManagerUITests.xctest */,
			);
			name = Products;
			sourceTree = "<group>";
		};
		BD74869D2C1A088C00343C67 /* TaskManager */ = {
			isa = PBXGroup;
			children = (
				BDAC70D42C1B930700B19CC0 /* Info.plist */,
				BD74869E2C1A088C00343C67 /* TaskManagerApp.swift */,
				BDAC70C42C1B91B300B19CC0 /* HomePage.swift */,
				BDAC70C62C1B91DD00B19CC0 /* AdviceandTipsView.swift */,
				BDAC70C82C1B91F400B19CC0 /* StressManagementView.swift */,
				BDAC70CA2C1B920A00B19CC0 /* BreathingExercises.swift */,
				BDAC70CC2C1B921E00B19CC0 /* ProductivityView.swift */,
				BD7486A02C1A088C00343C67 /* ContentView.swift */,
				BDAC70CE2C1B922C00B19CC0 /* FinanceTracker.swift */,
				BDAC70D02C1B924600B19CC0 /* JournalView.swift */,
				BDF4EC572C1A35A400AE8400 /* ToDoItem.swift */,
				BDF4EC552C1A33CA00AE8400 /* NewToDoView.swift */,
				BD7486A22C1A088E00343C67 /* Assets.xcassets */,
				BDAC70D22C1B92E400B19CC0 /* Shrikhand-Regular.ttf */,
				BD7486A42C1A088E00343C67 /* Preview Content */,
			);
			path = TaskManager;
			sourceTree = "<group>";
		};
		BD7486A42C1A088E00343C67 /* Preview Content */ = {
			isa = PBXGroup;
			children = (
				BD7486A52C1A088E00343C67 /* Preview Assets.xcassets */,
				BDAC70D72C1B94C100B19CC0 /* Shrikhand-Regular.ttf */,
				BDAC70D62C1B947900B19CC0 /* Shrikhand-Regular.ttf */,
			);
			path = "Preview Content";
			sourceTree = "<group>";
		};
		BD7486AE2C1A088F00343C67 /* TaskManagerTests */ = {
			isa = PBXGroup;
			children = (
				BD7486AF2C1A088F00343C67 /* TaskManagerTests.swift */,
			);
			path = TaskManagerTests;
			sourceTree = "<group>";
		};
		BD7486B82C1A088F00343C67 /* TaskManagerUITests */ = {
			isa = PBXGroup;
			children = (
				BD7486B92C1A088F00343C67 /* TaskManagerUITests.swift */,
				BD7486BB2C1A088F00343C67 /* TaskManagerUITestsLaunchTests.swift */,
			);
			path = TaskManagerUITests;
			sourceTree = "<group>";
		};
/* End PBXGroup section */

/* Begin PBXNativeTarget section */
		BD74869A2C1A088C00343C67 /* TaskManager */ = {
			isa = PBXNativeTarget;
			buildConfigurationList = BD7486BF2C1A088F00343C67 /* Build configuration list for PBXNativeTarget "TaskManager" */;
			buildPhases = (
				BD7486972C1A088C00343C67 /* Sources */,
				BD7486982C1A088C00343C67 /* Frameworks */,
				BD7486992C1A088C00343C67 /* Resources */,
			);
			buildRules = (
			);
			dependencies = (
			);
			name = TaskManager;
			productName = TaskManager;
			productReference = BD74869B2C1A088C00343C67 /* TaskManager.app */;
			productType = "com.apple.product-type.application";
		};
		BD7486AA2C1A088F00343C67 /* TaskManagerTests */ = {
			isa = PBXNativeTarget;
			buildConfigurationList = BD7486C22C1A088F00343C67 /* Build configuration list for PBXNativeTarget "TaskManagerTests" */;
			buildPhases = (
				BD7486A72C1A088F00343C67 /* Sources */,
				BD7486A82C1A088F00343C67 /* Frameworks */,
				BD7486A92C1A088F00343C67 /* Resources */,
			);
			buildRules = (
			);
			dependencies = (
				BD7486AD2C1A088F00343C67 /* PBXTargetDependency */,
			);
			name = TaskManagerTests;
			productName = TaskManagerTests;
			productReference = BD7486AB2C1A088F00343C67 /* TaskManagerTests.xctest */;
			productType = "com.apple.product-type.bundle.unit-test";
		};
		BD7486B42C1A088F00343C67 /* TaskManagerUITests */ = {
			isa = PBXNativeTarget;
			buildConfigurationList = BD7486C52C1A088F00343C67 /* Build configuration list for PBXNativeTarget "TaskManagerUITests" */;
			buildPhases = (
				BD7486B12C1A088F00343C67 /* Sources */,
				BD7486B22C1A088F00343C67 /* Frameworks */,
				BD7486B32C1A088F00343C67 /* Resources */,
			);
			buildRules = (
			);
			dependencies = (
				BD7486B72C1A088F00343C67 /* PBXTargetDependency */,
			);
			name = TaskManagerUITests;
			productName = TaskManagerUITests;
			productReference = BD7486B52C1A088F00343C67 /* TaskManagerUITests.xctest */;
			productType = "com.apple.product-type.bundle.ui-testing";
		};
/* End PBXNativeTarget section */

/* Begin PBXProject section */
		BD7486932C1A088C00343C67 /* Project object */ = {
			isa = PBXProject;
			attributes = {
				BuildIndependentTargetsInParallel = 1;
				LastSwiftUpdateCheck = 1540;
				LastUpgradeCheck = 1540;
				TargetAttributes = {
					BD74869A2C1A088C00343C67 = {
						CreatedOnToolsVersion = 15.4;
					};
					BD7486AA2C1A088F00343C67 = {
						CreatedOnToolsVersion = 15.4;
						TestTargetID = BD74869A2C1A088C00343C67;
					};
					BD7486B42C1A088F00343C67 = {
						CreatedOnToolsVersion = 15.4;
						TestTargetID = BD74869A2C1A088C00343C67;
					};
				};
			};
			buildConfigurationList = BD7486962C1A088C00343C67 /* Build configuration list for PBXProject "TaskManager" */;
			compatibilityVersion = "Xcode 14.0";
			developmentRegion = en;
			hasScannedForEncodings = 0;
			knownRegions = (
				en,
				Base,
			);
			mainGroup = BD7486922C1A088C00343C67;
			productRefGroup = BD74869C2C1A088C00343C67 /* Products */;
			projectDirPath = "";
			projectRoot = "";
			targets = (
				BD74869A2C1A088C00343C67 /* TaskManager */,
				BD7486AA2C1A088F00343C67 /* TaskManagerTests */,
				BD7486B42C1A088F00343C67 /* TaskManagerUITests */,
			);
		};
/* End PBXProject section */

/* Begin PBXResourcesBuildPhase section */
		BD7486992C1A088C00343C67 /* Resources */ = {
			isa = PBXResourcesBuildPhase;
			buildActionMask = 2147483647;
			files = (
				BD7486A62C1A088E00343C67 /* Preview Assets.xcassets in Resources */,
				BDAC70D32C1B92E400B19CC0 /* Shrikhand-Regular.ttf in Resources */,
				BD7486A32C1A088E00343C67 /* Assets.xcassets in Resources */,
			);
			runOnlyForDeploymentPostprocessing = 0;
		};
		BD7486A92C1A088F00343C67 /* Resources */ = {
			isa = PBXResourcesBuildPhase;
			buildActionMask = 2147483647;
			files = (
			);
			runOnlyForDeploymentPostprocessing = 0;
		};
		BD7486B32C1A088F00343C67 /* Resources */ = {
			isa = PBXResourcesBuildPhase;
			buildActionMask = 2147483647;
			files = (
			);
			runOnlyForDeploymentPostprocessing = 0;
		};
/* End PBXResourcesBuildPhase section */

/* Begin PBXSourcesBuildPhase section */
		BD7486972C1A088C00343C67 /* Sources */ = {
			isa = PBXSourcesBuildPhase;
			buildActionMask = 2147483647;
			files = (
				BDAC70D12C1B924600B19CC0 /* JournalView.swift in Sources */,
				BDAC70C72C1B91DD00B19CC0 /* AdviceandTipsView.swift in Sources */,
				BDAC70C52C1B91B300B19CC0 /* HomePage.swift in Sources */,
				BDAC70CB2C1B920A00B19CC0 /* BreathingExercises.swift in Sources */,
				BDAC70C92C1B91F400B19CC0 /* StressManagementView.swift in Sources */,
				BDF4EC562C1A33CA00AE8400 /* NewToDoView.swift in Sources */,
				BD7486A12C1A088C00343C67 /* ContentView.swift in Sources */,
				BDAC70CD2C1B921E00B19CC0 /* ProductivityView.swift in Sources */,
				BDAC70CF2C1B922C00B19CC0 /* FinanceTracker.swift in Sources */,
				BDF4EC582C1A35A400AE8400 /* ToDoItem.swift in Sources */,
				BD74869F2C1A088C00343C67 /* TaskManagerApp.swift in Sources */,
			);
			runOnlyForDeploymentPostprocessing = 0;
		};
		BD7486A72C1A088F00343C67 /* Sources */ = {
			isa = PBXSourcesBuildPhase;
			buildActionMask = 2147483647;
			files = (
				BD7486B02C1A088F00343C67 /* TaskManagerTests.swift in Sources */,
			);
			runOnlyForDeploymentPostprocessing = 0;
		};
		BD7486B12C1A088F00343C67 /* Sources */ = {
			isa = PBXSourcesBuildPhase;
			buildActionMask = 2147483647;
			files = (
				BD7486BA2C1A088F00343C67 /* TaskManagerUITests.swift in Sources */,
				BD7486BC2C1A088F00343C67 /* TaskManagerUITestsLaunchTests.swift in Sources */,
			);
			runOnlyForDeploymentPostprocessing = 0;
		};
/* End PBXSourcesBuildPhase section */

/* Begin PBXTargetDependency section */
		BD7486AD2C1A088F00343C67 /* PBXTargetDependency */ = {
			isa = PBXTargetDependency;
			target = BD74869A2C1A088C00343C67 /* TaskManager */;
			targetProxy = BD7486AC2C1A088F00343C67 /* PBXContainerItemProxy */;
		};
		BD7486B72C1A088F00343C67 /* PBXTargetDependency */ = {
			isa = PBXTargetDependency;
			target = BD74869A2C1A088C00343C67 /* TaskManager */;
			targetProxy = BD7486B62C1A088F00343C67 /* PBXContainerItemProxy */;
		};
/* End PBXTargetDependency section */

/* Begin XCBuildConfiguration section */
		BD7486BD2C1A088F00343C67 /* Debug */ = {
			isa = XCBuildConfiguration;
			buildSettings = {
				ALWAYS_SEARCH_USER_PATHS = NO;
				ASSETCATALOG_COMPILER_GENERATE_SWIFT_ASSET_SYMBOL_EXTENSIONS = YES;
				CLANG_ANALYZER_NONNULL = YES;
				CLANG_ANALYZER_NUMBER_OBJECT_CONVERSION = YES_AGGRESSIVE;
				CLANG_CXX_LANGUAGE_STANDARD = "gnu++20";
				CLANG_ENABLE_MODULES = YES;
				CLANG_ENABLE_OBJC_ARC = YES;
				CLANG_ENABLE_OBJC_WEAK = YES;
				CLANG_WARN_BLOCK_CAPTURE_AUTORELEASING = YES;
				CLANG_WARN_BOOL_CONVERSION = YES;
				CLANG_WARN_COMMA = YES;
				CLANG_WARN_CONSTANT_CONVERSION = YES;
				CLANG_WARN_DEPRECATED_OBJC_IMPLEMENTATIONS = YES;
				CLANG_WARN_DIRECT_OBJC_ISA_USAGE = YES_ERROR;
				CLANG_WARN_DOCUMENTATION_COMMENTS = YES;
				CLANG_WARN_EMPTY_BODY = YES;
				CLANG_WARN_ENUM_CONVERSION = YES;
				CLANG_WARN_INFINITE_RECURSION = YES;
				CLANG_WARN_INT_CONVERSION = YES;
				CLANG_WARN_NON_LITERAL_NULL_CONVERSION = YES;
				CLANG_WARN_OBJC_IMPLICIT_RETAIN_SELF = YES;
				CLANG_WARN_OBJC_LITERAL_CONVERSION = YES;
				CLANG_WARN_OBJC_ROOT_CLASS = YES_ERROR;
				CLANG_WARN_QUOTED_INCLUDE_IN_FRAMEWORK_HEADER = YES;
				CLANG_WARN_RANGE_LOOP_ANALYSIS = YES;
				CLANG_WARN_STRICT_PROTOTYPES = YES;
				CLANG_WARN_SUSPICIOUS_MOVE = YES;
				CLANG_WARN_UNGUARDED_AVAILABILITY = YES_AGGRESSIVE;
				CLANG_WARN_UNREACHABLE_CODE = YES;
				CLANG_WARN__DUPLICATE_METHOD_MATCH = YES;
				COPY_PHASE_STRIP = NO;
				DEBUG_INFORMATION_FORMAT = dwarf;
				ENABLE_STRICT_OBJC_MSGSEND = YES;
				ENABLE_TESTABILITY = YES;
				ENABLE_USER_SCRIPT_SANDBOXING = YES;
				GCC_C_LANGUAGE_STANDARD = gnu17;
				GCC_DYNAMIC_NO_PIC = NO;
				GCC_NO_COMMON_BLOCKS = YES;
				GCC_OPTIMIZATION_LEVEL = 0;
				GCC_PREPROCESSOR_DEFINITIONS = (
					"DEBUG=1",
					"$(inherited)",
				);
				GCC_WARN_64_TO_32_BIT_CONVERSION = YES;
				GCC_WARN_ABOUT_RETURN_TYPE = YES_ERROR;
				GCC_WARN_UNDECLARED_SELECTOR = YES;
				GCC_WARN_UNINITIALIZED_AUTOS = YES_AGGRESSIVE;
				GCC_WARN_UNUSED_FUNCTION = YES;
				GCC_WARN_UNUSED_VARIABLE = YES;
				IPHONEOS_DEPLOYMENT_TARGET = 17.5;
				LOCALIZATION_PREFERS_STRING_CATALOGS = YES;
				MTL_ENABLE_DEBUG_INFO = INCLUDE_SOURCE;
				MTL_FAST_MATH = YES;
				ONLY_ACTIVE_ARCH = YES;
				SDKROOT = iphoneos;
				SWIFT_ACTIVE_COMPILATION_CONDITIONS = "DEBUG $(inherited)";
				SWIFT_OPTIMIZATION_LEVEL = "-Onone";
			};
			name = Debug;
		};
		BD7486BE2C1A088F00343C67 /* Release */ = {
			isa = XCBuildConfiguration;
			buildSettings = {
				ALWAYS_SEARCH_USER_PATHS = NO;
				ASSETCATALOG_COMPILER_GENERATE_SWIFT_ASSET_SYMBOL_EXTENSIONS = YES;
				CLANG_ANALYZER_NONNULL = YES;
				CLANG_ANALYZER_NUMBER_OBJECT_CONVERSION = YES_AGGRESSIVE;
				CLANG_CXX_LANGUAGE_STANDARD = "gnu++20";
				CLANG_ENABLE_MODULES = YES;
				CLANG_ENABLE_OBJC_ARC = YES;
				CLANG_ENABLE_OBJC_WEAK = YES;
				CLANG_WARN_BLOCK_CAPTURE_AUTORELEASING = YES;
				CLANG_WARN_BOOL_CONVERSION = YES;
				CLANG_WARN_COMMA = YES;
				CLANG_WARN_CONSTANT_CONVERSION = YES;
				CLANG_WARN_DEPRECATED_OBJC_IMPLEMENTATIONS = YES;
				CLANG_WARN_DIRECT_OBJC_ISA_USAGE = YES_ERROR;
				CLANG_WARN_DOCUMENTATION_COMMENTS = YES;
				CLANG_WARN_EMPTY_BODY = YES;
				CLANG_WARN_ENUM_CONVERSION = YES;
				CLANG_WARN_INFINITE_RECURSION = YES;
				CLANG_WARN_INT_CONVERSION = YES;
				CLANG_WARN_NON_LITERAL_NULL_CONVERSION = YES;
				CLANG_WARN_OBJC_IMPLICIT_RETAIN_SELF = YES;
				CLANG_WARN_OBJC_LITERAL_CONVERSION = YES;
				CLANG_WARN_OBJC_ROOT_CLASS = YES_ERROR;
				CLANG_WARN_QUOTED_INCLUDE_IN_FRAMEWORK_HEADER = YES;
				CLANG_WARN_RANGE_LOOP_ANALYSIS = YES;
				CLANG_WARN_STRICT_PROTOTYPES = YES;
				CLANG_WARN_SUSPICIOUS_MOVE = YES;
				CLANG_WARN_UNGUARDED_AVAILABILITY = YES_AGGRESSIVE;
				CLANG_WARN_UNREACHABLE_CODE = YES;
				CLANG_WARN__DUPLICATE_METHOD_MATCH = YES;
				COPY_PHASE_STRIP = NO;
				DEBUG_INFORMATION_FORMAT = "dwarf-with-dsym";
				ENABLE_NS_ASSERTIONS = NO;
				ENABLE_STRICT_OBJC_MSGSEND = YES;
				ENABLE_USER_SCRIPT_SANDBOXING = YES;
				GCC_C_LANGUAGE_STANDARD = gnu17;
				GCC_NO_COMMON_BLOCKS = YES;
				GCC_WARN_64_TO_32_BIT_CONVERSION = YES;
				GCC_WARN_ABOUT_RETURN_TYPE = YES_ERROR;
				GCC_WARN_UNDECLARED_SELECTOR = YES;
				GCC_WARN_UNINITIALIZED_AUTOS = YES_AGGRESSIVE;
				GCC_WARN_UNUSED_FUNCTION = YES;
				GCC_WARN_UNUSED_VARIABLE = YES;
				IPHONEOS_DEPLOYMENT_TARGET = 17.5;
				LOCALIZATION_PREFERS_STRING_CATALOGS = YES;
				MTL_ENABLE_DEBUG_INFO = NO;
				MTL_FAST_MATH = YES;
				SDKROOT = iphoneos;
				SWIFT_COMPILATION_MODE = wholemodule;
				VALIDATE_PRODUCT = YES;
			};
			name = Release;
		};
		BD7486C02C1A088F00343C67 /* Debug */ = {
			isa = XCBuildConfiguration;
			buildSettings = {
				ASSETCATALOG_COMPILER_APPICON_NAME = AppIcon;
				ASSETCATALOG_COMPILER_GLOBAL_ACCENT_COLOR_NAME = AccentColor;
				CODE_SIGN_STYLE = Automatic;
				CURRENT_PROJECT_VERSION = 1;
				DEVELOPMENT_ASSET_PATHS = "\"TaskManager/Preview Content\"";
				ENABLE_PREVIEWS = YES;
				GENERATE_INFOPLIST_FILE = YES;
				INFOPLIST_FILE = TaskManager/Info.plist;
				INFOPLIST_KEY_UIApplicationSceneManifest_Generation = YES;
				INFOPLIST_KEY_UIApplicationSupportsIndirectInputEvents = YES;
				INFOPLIST_KEY_UILaunchScreen_Generation = YES;
				INFOPLIST_KEY_UISupportedInterfaceOrientations_iPad = "UIInterfaceOrientationPortrait UIInterfaceOrientationPortraitUpsideDown UIInterfaceOrientationLandscapeLeft UIInterfaceOrientationLandscapeRight";
				INFOPLIST_KEY_UISupportedInterfaceOrientations_iPhone = "UIInterfaceOrientationPortrait UIInterfaceOrientationLandscapeLeft UIInterfaceOrientationLandscapeRight";
				LD_RUNPATH_SEARCH_PATHS = (
					"$(inherited)",
					"@executable_path/Frameworks",
				);
				MARKETING_VERSION = 1.0;
				PRODUCT_BUNDLE_IDENTIFIER = kwk.TaskManager;
				PRODUCT_NAME = "$(TARGET_NAME)";
				SWIFT_EMIT_LOC_STRINGS = YES;
				SWIFT_VERSION = 5.0;
				TARGETED_DEVICE_FAMILY = "1,2";
			};
			name = Debug;
		};
		BD7486C12C1A088F00343C67 /* Release */ = {
			isa = XCBuildConfiguration;
			buildSettings = {
				ASSETCATALOG_COMPILER_APPICON_NAME = AppIcon;
				ASSETCATALOG_COMPILER_GLOBAL_ACCENT_COLOR_NAME = AccentColor;
				CODE_SIGN_STYLE = Automatic;
				CURRENT_PROJECT_VERSION = 1;
				DEVELOPMENT_ASSET_PATHS = "\"TaskManager/Preview Content\"";
				ENABLE_PREVIEWS = YES;
				GENERATE_INFOPLIST_FILE = YES;
				INFOPLIST_FILE = TaskManager/Info.plist;
				INFOPLIST_KEY_UIApplicationSceneManifest_Generation = YES;
				INFOPLIST_KEY_UIApplicationSupportsIndirectInputEvents = YES;
				INFOPLIST_KEY_UILaunchScreen_Generation = YES;
				INFOPLIST_KEY_UISupportedInterfaceOrientations_iPad = "UIInterfaceOrientationPortrait UIInterfaceOrientationPortraitUpsideDown UIInterfaceOrientationLandscapeLeft UIInterfaceOrientationLandscapeRight";
				INFOPLIST_KEY_UISupportedInterfaceOrientations_iPhone = "UIInterfaceOrientationPortrait UIInterfaceOrientationLandscapeLeft UIInterfaceOrientationLandscapeRight";
				LD_RUNPATH_SEARCH_PATHS = (
					"$(inherited)",
					"@executable_path/Frameworks",
				);
				MARKETING_VERSION = 1.0;
				PRODUCT_BUNDLE_IDENTIFIER = kwk.TaskManager;
				PRODUCT_NAME = "$(TARGET_NAME)";
				SWIFT_EMIT_LOC_STRINGS = YES;
				SWIFT_VERSION = 5.0;
				TARGETED_DEVICE_FAMILY = "1,2";
			};
			name = Release;
		};
		BD7486C32C1A088F00343C67 /* Debug */ = {
			isa = XCBuildConfiguration;
			buildSettings = {
				ALWAYS_EMBED_SWIFT_STANDARD_LIBRARIES = YES;
				BUNDLE_LOADER = "$(TEST_HOST)";
				CODE_SIGN_STYLE = Automatic;
				CURRENT_PROJECT_VERSION = 1;
				GENERATE_INFOPLIST_FILE = YES;
				IPHONEOS_DEPLOYMENT_TARGET = 17.5;
				MARKETING_VERSION = 1.0;
				PRODUCT_BUNDLE_IDENTIFIER = kwk.TaskManagerTests;
				PRODUCT_NAME = "$(TARGET_NAME)";
				SWIFT_EMIT_LOC_STRINGS = NO;
				SWIFT_VERSION = 5.0;
				TARGETED_DEVICE_FAMILY = "1,2";
				TEST_HOST = "$(BUILT_PRODUCTS_DIR)/TaskManager.app/$(BUNDLE_EXECUTABLE_FOLDER_PATH)/TaskManager";
			};
			name = Debug;
		};
		BD7486C42C1A088F00343C67 /* Release */ = {
			isa = XCBuildConfiguration;
			buildSettings = {
				ALWAYS_EMBED_SWIFT_STANDARD_LIBRARIES = YES;
				BUNDLE_LOADER = "$(TEST_HOST)";
				CODE_SIGN_STYLE = Automatic;
				CURRENT_PROJECT_VERSION = 1;
				GENERATE_INFOPLIST_FILE = YES;
				IPHONEOS_DEPLOYMENT_TARGET = 17.5;
				MARKETING_VERSION = 1.0;
				PRODUCT_BUNDLE_IDENTIFIER = kwk.TaskManagerTests;
				PRODUCT_NAME = "$(TARGET_NAME)";
				SWIFT_EMIT_LOC_STRINGS = NO;
				SWIFT_VERSION = 5.0;
				TARGETED_DEVICE_FAMILY = "1,2";
				TEST_HOST = "$(BUILT_PRODUCTS_DIR)/TaskManager.app/$(BUNDLE_EXECUTABLE_FOLDER_PATH)/TaskManager";
			};
			name = Release;
		};
		BD7486C62C1A088F00343C67 /* Debug */ = {
			isa = XCBuildConfiguration;
			buildSettings = {
				ALWAYS_EMBED_SWIFT_STANDARD_LIBRARIES = YES;
				CODE_SIGN_STYLE = Automatic;
				CURRENT_PROJECT_VERSION = 1;
				GENERATE_INFOPLIST_FILE = YES;
				MARKETING_VERSION = 1.0;
				PRODUCT_BUNDLE_IDENTIFIER = kwk.TaskManagerUITests;
				PRODUCT_NAME = "$(TARGET_NAME)";
				SWIFT_EMIT_LOC_STRINGS = NO;
				SWIFT_VERSION = 5.0;
				TARGETED_DEVICE_FAMILY = "1,2";
				TEST_TARGET_NAME = TaskManager;
			};
			name = Debug;
		};
		BD7486C72C1A088F00343C67 /* Release */ = {
			isa = XCBuildConfiguration;
			buildSettings = {
				ALWAYS_EMBED_SWIFT_STANDARD_LIBRARIES = YES;
				CODE_SIGN_STYLE = Automatic;
				CURRENT_PROJECT_VERSION = 1;
				GENERATE_INFOPLIST_FILE = YES;
				MARKETING_VERSION = 1.0;
				PRODUCT_BUNDLE_IDENTIFIER = kwk.TaskManagerUITests;
				PRODUCT_NAME = "$(TARGET_NAME)";
				SWIFT_EMIT_LOC_STRINGS = NO;
				SWIFT_VERSION = 5.0;
				TARGETED_DEVICE_FAMILY = "1,2";
				TEST_TARGET_NAME = TaskManager;
			};
			name = Release;
		};
/* End XCBuildConfiguration section */

/* Begin XCConfigurationList section */
		BD7486962C1A088C00343C67 /* Build configuration list for PBXProject "TaskManager" */ = {
			isa = XCConfigurationList;
			buildConfigurations = (
				BD7486BD2C1A088F00343C67 /* Debug */,
				BD7486BE2C1A088F00343C67 /* Release */,
			);
			defaultConfigurationIsVisible = 0;
			defaultConfigurationName = Release;
		};
		BD7486BF2C1A088F00343C67 /* Build configuration list for PBXNativeTarget "TaskManager" */ = {
			isa = XCConfigurationList;
			buildConfigurations = (
				BD7486C02C1A088F00343C67 /* Debug */,
				BD7486C12C1A088F00343C67 /* Release */,
			);
			defaultConfigurationIsVisible = 0;
			defaultConfigurationName = Release;
		};
		BD7486C22C1A088F00343C67 /* Build configuration list for PBXNativeTarget "TaskManagerTests" */ = {
			isa = XCConfigurationList;
			buildConfigurations = (
				BD7486C32C1A088F00343C67 /* Debug */,
				BD7486C42C1A088F00343C67 /* Release */,
			);
			defaultConfigurationIsVisible = 0;
			defaultConfigurationName = Release;
		};
		BD7486C52C1A088F00343C67 /* Build configuration list for PBXNativeTarget "TaskManagerUITests" */ = {
			isa = XCConfigurationList;
			buildConfigurations = (
				BD7486C62C1A088F00343C67 /* Debug */,
				BD7486C72C1A088F00343C67 /* Release */,
			);
			defaultConfigurationIsVisible = 0;
			defaultConfigurationName = Release;
		};
/* End XCConfigurationList section */
	};
	rootObject = BD7486932C1A088C00343C67 /* Project object */;
}
